
Microsoft Visual Studio Solution File, Format Version 12.00
# Visual Studio Version 17
VisualStudioVersion = 17.0.31903.59
MinimumVisualStudioVersion = 10.0.40219.1
Project("{FAE04EC0-301F-11D3-BF4B-00C04F79EFBC}") = "medcail_deebo", "medcail_deebo\medcail_deebo.csproj", "{E6892E03-FE14-4094-AA52-7FD8DFD9F050}"
EndProject
Global
	GlobalSection(SolutionConfigurationPlatforms) = preSolution
		Debug|Any CPU = Debug|Any CPU
		Release|Any CPU = Release|Any CPU
	EndGlobalSection
	GlobalSection(ProjectConfigurationPlatforms) = postSolution
		{E6892E03-FE14-4094-AA52-7FD8DFD9F050}.Debug|Any CPU.ActiveCfg = Debug|Any CPU
		{E6892E03-FE14-4094-AA52-7FD8DFD9F050}.Debug|Any CPU.Build.0 = Debug|Any CPU
		{E6892E03-FE14-4094-AA52-7FD8DFD9F050}.Release|Any CPU.ActiveCfg = Release|Any CPU
		{E6892E03-FE14-4094-AA52-7FD8DFD9F050}.Release|Any CPU.Build.0 = Release|Any CPU
	EndGlobalSection
	GlobalSection(SolutionProperties) = preSolution
		HideSolutionNode = FALSE
	EndGlobalSection
	GlobalSection(ExtensibilityGlobals) = postSolution
		SolutionGuid = {4D686C76-675B-4593-BBEA-EB04D6EFB880}
	EndGlobalSection
EndGlobal
